
Microsoft Visual Studio Solution File, Format Version 12.00
# Visual Studio Version 16
VisualStudioVersion = 16.0.30907.101
MinimumVisualStudioVersion = 10.0.40219.1
Project("{FAE04EC0-301F-11D3-BF4B-00C04F79EFBC}") = "ClientMathsLibrary", "ClientMathsLibrary\ClientMathsLibrary.csproj", "{821A4ECB-DD13-4E42-8D52-402D92FDA17E}"
EndProject
Global
	GlobalSection(SolutionConfigurationPlatforms) = preSolution
		Debug|Any CPU = Debug|Any CPU
		Release|Any CPU = Release|Any CPU
	EndGlobalSection
	GlobalSection(ProjectConfigurationPlatforms) = postSolution
		{821A4ECB-DD13-4E42-8D52-402D92FDA17E}.Debug|Any CPU.ActiveCfg = Debug|Any CPU
		{821A4ECB-DD13-4E42-8D52-402D92FDA17E}.Debug|Any CPU.Build.0 = Debug|Any CPU
		{821A4ECB-DD13-4E42-8D52-402D92FDA17E}.Release|Any CPU.ActiveCfg = Release|Any CPU
		{821A4ECB-DD13-4E42-8D52-402D92FDA17E}.Release|Any CPU.Build.0 = Release|Any CPU
	EndGlobalSection
	GlobalSection(SolutionProperties) = preSolution
		HideSolutionNode = FALSE
	EndGlobalSection
	GlobalSection(ExtensibilityGlobals) = postSolution
		SolutionGuid = {6BD81B03-77ED-4F57-9563-C6EF3A8F9CFA}
	EndGlobalSection
EndGlobal
